{
  "nodes": {
    "nixpkgs": {
      "locked": {
        "lastModified": 1775710090,
        "narHash": "sha256-ar3rofg+awPB8QXDaFJhJ2jJhu+KqN/PRCXeyuXR76E=",
        "rev": "4c1018dae018162ec878d42fec712642d214fdfa",
        "revCount": 977467,
        "type": "tarball",
        "url": "https://api.flakehub.com/f/pinned/NixOS/nixpkgs/0.1.977467%2Brev-4c1018dae018162ec878d42fec712642d214fdfa/019d75d9-1186-76c1-baa5-93baafa37a8d/source.tar.gz?rev=4c1018dae018162ec878d42fec712642d214fdfa&revCount=977467"
      },
      "original": {
        "type": "tarball",
        "url": "https://flakehub.com/f/NixOS/nixpkgs/0.1"
      }
    },
    "root": {
      "inputs": {
        "nixpkgs": "nixpkgs",
        "rust-overlay": "rust-overlay"
      }
    },
    "rust-overlay": {
      "inputs": {
        "nixpkgs": [
          "nixpkgs"
        ]
      },
      "locked": {
        "lastModified": 1775877051,
        "narHash": "sha256-wpSQm2PD/w4uRo2wb8utk0b5hOBkkg/CZ1xICY+qB7M=",
        "owner": "oxalica",
        "repo": "rust-overlay",
        "rev": "08b4f3633471874c8894632ade1b78d75dbda002",
        "type": "github"
      },
      "original": {
        "owner": "oxalica",
        "repo": "rust-overlay",
        "type": "github"
      }
    }
  },
  "root": "root",
  "version": 7
}
