{
  "nodes": {
    "nixpkgs": {
      "locked": {
        "lastModified": 1764950072,
        "narHash": "sha256-BmPWzogsG2GsXZtlT+MTcAWeDK5hkbGRZTeZNW42fwA=",
        "rev": "f61125a668a320878494449750330ca58b78c557",
        "revCount": 907002,
        "type": "tarball",
        "url": "https://api.flakehub.com/f/pinned/NixOS/nixpkgs/0.1.907002%2Brev-f61125a668a320878494449750330ca58b78c557/019af28f-4a47-7f68-a9d7-f6f6e905b8ab/source.tar.gz?rev=f61125a668a320878494449750330ca58b78c557&revCount=907002"
      },
      "original": {
        "type": "tarball",
        "url": "https://flakehub.com/f/NixOS/nixpkgs/0.1"
      }
    },
    "root": {
      "inputs": {
        "nixpkgs": "nixpkgs",
        "rust-overlay": "rust-overlay"
      }
    },
    "rust-overlay": {
      "inputs": {
        "nixpkgs": [
          "nixpkgs"
        ]
      },
      "locked": {
        "lastModified": 1765248027,
        "narHash": "sha256-ngar+yP06x3+2k2Iey29uU0DWx5ur06h3iPBQXlU+yI=",
        "owner": "oxalica",
        "repo": "rust-overlay",
        "rev": "7b50ad68415ae5be7ee4cc68fa570c420741b644",
        "type": "github"
      },
      "original": {
        "owner": "oxalica",
        "repo": "rust-overlay",
        "type": "github"
      }
    }
  },
  "root": "root",
  "version": 7
}
