{
  "nodes": {
    "nixpkgs": {
      "locked": {
        "lastModified": 1751792365,
        "narHash": "sha256-J1kI6oAj25IG4EdVlg2hQz8NZTBNYvIS0l4wpr9KcUo=",
        "rev": "1fd8bada0b6117e6c7eb54aad5813023eed37ccb",
        "revCount": 826054,
        "type": "tarball",
        "url": "https://api.flakehub.com/f/pinned/NixOS/nixpkgs/0.1.826054%2Brev-1fd8bada0b6117e6c7eb54aad5813023eed37ccb/0197e345-6715-7981-bb83-955213e6dc81/source.tar.gz?rev=1fd8bada0b6117e6c7eb54aad5813023eed37ccb&revCount=826054"
      },
      "original": {
        "type": "tarball",
        "url": "https://flakehub.com/f/NixOS/nixpkgs/0.1.%2A.tar.gz"
      }
    },
    "root": {
      "inputs": {
        "nixpkgs": "nixpkgs",
        "rust-overlay": "rust-overlay"
      }
    },
    "rust-overlay": {
      "inputs": {
        "nixpkgs": [
          "nixpkgs"
        ]
      },
      "locked": {
        "lastModified": 1751856221,
        "narHash": "sha256-/QE1eV0ckFvgRMcKjZqgdJDoXFNwSMepwRoBjaw2MCk=",
        "owner": "oxalica",
        "repo": "rust-overlay",
        "rev": "34cae4b56929c5b340e1c5b10d9a98a425b2a51e",
        "type": "github"
      },
      "original": {
        "owner": "oxalica",
        "repo": "rust-overlay",
        "type": "github"
      }
    }
  },
  "root": "root",
  "version": 7
}
